
Microsoft Visual Studio Solution File, Format Version 12.00
# Visual Studio 15
Project("{FAE04EC0-301F-11D3-BF4B-00C04F79EFBC}") = "Assembly-CSharp", "Assembly-CSharp.csproj", "{AB52CA58-5E4C-C3A1-D8C2-8AE0F8EEDA51}"
EndProject
Project("{FAE04EC0-301F-11D3-BF4B-00C04F79EFBC}") = "Assembly-CSharp-Editor", "Assembly-CSharp-Editor.csproj", "{BE23BF46-63FA-20B5-62D5-51EDC1A4F196}"
EndProject
Global
	GlobalSection(SolutionConfigurationPlatforms) = preSolution
		Debug|Any CPU = Debug|Any CPU
		Release|Any CPU = Release|Any CPU
	EndGlobalSection
	GlobalSection(ProjectConfigurationPlatforms) = postSolution
		{AB52CA58-5E4C-C3A1-D8C2-8AE0F8EEDA51}.Debug|Any CPU.ActiveCfg = Debug|Any CPU
		{AB52CA58-5E4C-C3A1-D8C2-8AE0F8EEDA51}.Debug|Any CPU.Build.0 = Debug|Any CPU
		{AB52CA58-5E4C-C3A1-D8C2-8AE0F8EEDA51}.Release|Any CPU.ActiveCfg = Release|Any CPU
		{AB52CA58-5E4C-C3A1-D8C2-8AE0F8EEDA51}.Release|Any CPU.Build.0 = Release|Any CPU
		{BE23BF46-63FA-20B5-62D5-51EDC1A4F196}.Debug|Any CPU.ActiveCfg = Debug|Any CPU
		{BE23BF46-63FA-20B5-62D5-51EDC1A4F196}.Debug|Any CPU.Build.0 = Debug|Any CPU
		{BE23BF46-63FA-20B5-62D5-51EDC1A4F196}.Release|Any CPU.ActiveCfg = Release|Any CPU
		{BE23BF46-63FA-20B5-62D5-51EDC1A4F196}.Release|Any CPU.Build.0 = Release|Any CPU
	EndGlobalSection
	GlobalSection(SolutionProperties) = preSolution
		HideSolutionNode = FALSE
	EndGlobalSection
EndGlobal
